
Microsoft Visual Studio Solution File, Format Version 12.00
# Visual Studio Version 16
VisualStudioVersion = 16.0.30621.155
MinimumVisualStudioVersion = 10.0.40219.1
Project("{FAE04EC0-301F-11D3-BF4B-00C04F79EFBC}") = "ElevatedStopsEnabler", "ElevatedStopsEnabler\ElevatedStopsEnabler.csproj", "{D447FA3A-3EEA-4868-A2A5-9CEF9075929B}"
EndProject
Global
	GlobalSection(SolutionConfigurationPlatforms) = preSolution
		Debug|Any CPU = Debug|Any CPU
		Release|Any CPU = Release|Any CPU
	EndGlobalSection
	GlobalSection(ProjectConfigurationPlatforms) = postSolution
		{D447FA3A-3EEA-4868-A2A5-9CEF9075929B}.Debug|Any CPU.ActiveCfg = Debug|Any CPU
		{D447FA3A-3EEA-4868-A2A5-9CEF9075929B}.Debug|Any CPU.Build.0 = Debug|Any CPU
		{D447FA3A-3EEA-4868-A2A5-9CEF9075929B}.Release|Any CPU.ActiveCfg = Release|Any CPU
		{D447FA3A-3EEA-4868-A2A5-9CEF9075929B}.Release|Any CPU.Build.0 = Release|Any CPU
	EndGlobalSection
	GlobalSection(SolutionProperties) = preSolution
		HideSolutionNode = FALSE
	EndGlobalSection
	GlobalSection(ExtensibilityGlobals) = postSolution
		SolutionGuid = {01D973D1-37C6-4F37-A8E7-BFDDEE53357B}
	EndGlobalSection
EndGlobal
